
Microsoft Visual Studio Solution File, Format Version 12.00
# Visual Studio Version 16
VisualStudioVersion = 16.0.32002.261
MinimumVisualStudioVersion = 10.0.40219.1
Project("{00D1A9C2-B5F0-4AF3-8072-F6C62B433612}") = "BariCinemaDB", "BariCinemaDB\BariCinemaDB.sqlproj", "{A31F0A56-7004-4F56-A852-8F365E682934}"
EndProject
Global
	GlobalSection(SolutionConfigurationPlatforms) = preSolution
		Debug|Any CPU = Debug|Any CPU
		Release|Any CPU = Release|Any CPU
	EndGlobalSection
	GlobalSection(ProjectConfigurationPlatforms) = postSolution
		{A31F0A56-7004-4F56-A852-8F365E682934}.Debug|Any CPU.ActiveCfg = Debug|Any CPU
		{A31F0A56-7004-4F56-A852-8F365E682934}.Debug|Any CPU.Build.0 = Debug|Any CPU
		{A31F0A56-7004-4F56-A852-8F365E682934}.Debug|Any CPU.Deploy.0 = Debug|Any CPU
		{A31F0A56-7004-4F56-A852-8F365E682934}.Release|Any CPU.ActiveCfg = Release|Any CPU
		{A31F0A56-7004-4F56-A852-8F365E682934}.Release|Any CPU.Build.0 = Release|Any CPU
		{A31F0A56-7004-4F56-A852-8F365E682934}.Release|Any CPU.Deploy.0 = Release|Any CPU
	EndGlobalSection
	GlobalSection(SolutionProperties) = preSolution
		HideSolutionNode = FALSE
	EndGlobalSection
	GlobalSection(ExtensibilityGlobals) = postSolution
		SolutionGuid = {BD7E20EA-29AA-490F-9CA1-F7AFF0C6F3CB}
	EndGlobalSection
EndGlobal
